uuid: f75fac70-506d-459e-bef3-e022949fb254
langcode: en
status: true
dependencies:
  module:
    - config_form
  theme:
    - bartik
id: configblock
theme: bartik
region: sidebar_first
weight: 0
provider: null
plugin: config_block
settings:
  id: config_block
  label: 'config block'
  provider: config_form
  label_display: visible
visibility: {  }
